PODS:
  - Ads-CN-Beta/BUAdTestMeasurement (7.6.0.4)
  - Flutter (1.0.0)

DEPENDENCIES:
  - Ads-CN-Beta/BUAdTestMeasurement (~> 7.0)
  - Flutter (from `Flutter`)

SPEC REPOS:
  trunk:
    - Ads-CN-Beta

EXTERNAL SOURCES:
  Flutter:
    :path: Flutter

SPEC CHECKSUMS:
  Ads-CN-Beta: 9fa1a101ef0ae54cdf7324c7086d6108601c8f1b
  Flutter: cabc95a1d2626b1b06e7179b784ebcf0c0cde467

PODFILE CHECKSUM: 56565608cc95894b1985e2d232b35834488f97c7

COCOAPODS: 1.16.2
