PODS:
  - Ads-CN-Beta/BUAdSDK (6.8.0.6)
  - BUAdTestMeasurement-Beta (6.8.0.6):
    - Ads-CN-Beta/BUAdSDK (= 6.8.0.6)
  - Flutter (1.0.0)

DEPENDENCIES:
  - BUAdTestMeasurement-Beta
  - Flutter (from `Flutter`)

SPEC REPOS:
  trunk:
    - Ads-CN-Beta
    - BUAdTestMeasurement-Beta

EXTERNAL SOURCES:
  Flutter:
    :path: Flutter

SPEC CHECKSUMS:
  Ads-CN-Beta: d60eb96212ab21533ce80247a28533c61aa9da45
  BUAdTestMeasurement-Beta: 3a03cdde1e91c4395e4150ddde237dedc5f6ab35
  Flutter: cabc95a1d2626b1b06e7179b784ebcf0c0cde467

PODFILE CHECKSUM: 9a32778cb726fddbd597b6c587af07e79b965dc6

COCOAPODS: 1.16.2
